
Microsoft Visual Studio Solution File, Format Version 12.00
# Visual Studio 15
VisualStudioVersion = 15.0.28307.421
MinimumVisualStudioVersion = 10.0.40219.1
Project("{FAE04EC0-301F-11D3-BF4B-00C04F79EFBC}") = "WebServiceDemo", "WebServiceDemo\WebServiceDemo.csproj", "{A9656962-3F78-4DBF-8622-0694452D877D}"
EndProject
Project("{FAE04EC0-301F-11D3-BF4B-00C04F79EFBC}") = "WSClientConsoleCore", "WSClientConsoleCore\WSClientConsoleCore.csproj", "{07D876BE-190D-40CF-8633-0496835C1703}"
EndProject
Project("{FAE04EC0-301F-11D3-BF4B-00C04F79EFBC}") = "ReservationReport", "ReservationReport\ReservationReport.csproj", "{1B7ED9A2-A80F-4176-898E-8DAC131F40EF}"
EndProject
Global
	GlobalSection(SolutionConfigurationPlatforms) = preSolution
		Debug|Any CPU = Debug|Any CPU
		Debug|ARM = Debug|ARM
		Debug|ARM64 = Debug|ARM64
		Debug|x64 = Debug|x64
		Debug|x86 = Debug|x86
		Release|Any CPU = Release|Any CPU
		Release|ARM = Release|ARM
		Release|ARM64 = Release|ARM64
		Release|x64 = Release|x64
		Release|x86 = Release|x86
	EndGlobalSection
	GlobalSection(ProjectConfigurationPlatforms) = postSolution
		{A9656962-3F78-4DBF-8622-0694452D877D}.Debug|Any CPU.ActiveCfg = Debug|Any CPU
		{A9656962-3F78-4DBF-8622-0694452D877D}.Debug|Any CPU.Build.0 = Debug|Any CPU
		{A9656962-3F78-4DBF-8622-0694452D877D}.Debug|ARM.ActiveCfg = Debug|Any CPU
		{A9656962-3F78-4DBF-8622-0694452D877D}.Debug|ARM.Build.0 = Debug|Any CPU
		{A9656962-3F78-4DBF-8622-0694452D877D}.Debug|ARM64.ActiveCfg = Debug|Any CPU
		{A9656962-3F78-4DBF-8622-0694452D877D}.Debug|ARM64.Build.0 = Debug|Any CPU
		{A9656962-3F78-4DBF-8622-0694452D877D}.Debug|x64.ActiveCfg = Debug|Any CPU
		{A9656962-3F78-4DBF-8622-0694452D877D}.Debug|x64.Build.0 = Debug|Any CPU
		{A9656962-3F78-4DBF-8622-0694452D877D}.Debug|x86.ActiveCfg = Debug|Any CPU
		{A9656962-3F78-4DBF-8622-0694452D877D}.Debug|x86.Build.0 = Debug|Any CPU
		{A9656962-3F78-4DBF-8622-0694452D877D}.Release|Any CPU.ActiveCfg = Release|Any CPU
		{A9656962-3F78-4DBF-8622-0694452D877D}.Release|Any CPU.Build.0 = Release|Any CPU
		{A9656962-3F78-4DBF-8622-0694452D877D}.Release|ARM.ActiveCfg = Release|Any CPU
		{A9656962-3F78-4DBF-8622-0694452D877D}.Release|ARM.Build.0 = Release|Any CPU
		{A9656962-3F78-4DBF-8622-0694452D877D}.Release|ARM64.ActiveCfg = Release|Any CPU
		{A9656962-3F78-4DBF-8622-0694452D877D}.Release|ARM64.Build.0 = Release|Any CPU
		{A9656962-3F78-4DBF-8622-0694452D877D}.Release|x64.ActiveCfg = Release|Any CPU
		{A9656962-3F78-4DBF-8622-0694452D877D}.Release|x64.Build.0 = Release|Any CPU
		{A9656962-3F78-4DBF-8622-0694452D877D}.Release|x86.ActiveCfg = Release|Any CPU
		{A9656962-3F78-4DBF-8622-0694452D877D}.Release|x86.Build.0 = Release|Any CPU
		{07D876BE-190D-40CF-8633-0496835C1703}.Debug|Any CPU.ActiveCfg = Debug|Any CPU
		{07D876BE-190D-40CF-8633-0496835C1703}.Debug|Any CPU.Build.0 = Debug|Any CPU
		{07D876BE-190D-40CF-8633-0496835C1703}.Debug|ARM.ActiveCfg = Debug|Any CPU
		{07D876BE-190D-40CF-8633-0496835C1703}.Debug|ARM.Build.0 = Debug|Any CPU
		{07D876BE-190D-40CF-8633-0496835C1703}.Debug|ARM64.ActiveCfg = Debug|Any CPU
		{07D876BE-190D-40CF-8633-0496835C1703}.Debug|ARM64.Build.0 = Debug|Any CPU
		{07D876BE-190D-40CF-8633-0496835C1703}.Debug|x64.ActiveCfg = Debug|Any CPU
		{07D876BE-190D-40CF-8633-0496835C1703}.Debug|x64.Build.0 = Debug|Any CPU
		{07D876BE-190D-40CF-8633-0496835C1703}.Debug|x86.ActiveCfg = Debug|Any CPU
		{07D876BE-190D-40CF-8633-0496835C1703}.Debug|x86.Build.0 = Debug|Any CPU
		{07D876BE-190D-40CF-8633-0496835C1703}.Release|Any CPU.ActiveCfg = Release|Any CPU
		{07D876BE-190D-40CF-8633-0496835C1703}.Release|Any CPU.Build.0 = Release|Any CPU
		{07D876BE-190D-40CF-8633-0496835C1703}.Release|ARM.ActiveCfg = Release|Any CPU
		{07D876BE-190D-40CF-8633-0496835C1703}.Release|ARM.Build.0 = Release|Any CPU
		{07D876BE-190D-40CF-8633-0496835C1703}.Release|ARM64.ActiveCfg = Release|Any CPU
		{07D876BE-190D-40CF-8633-0496835C1703}.Release|ARM64.Build.0 = Release|Any CPU
		{07D876BE-190D-40CF-8633-0496835C1703}.Release|x64.ActiveCfg = Release|Any CPU
		{07D876BE-190D-40CF-8633-0496835C1703}.Release|x64.Build.0 = Release|Any CPU
		{07D876BE-190D-40CF-8633-0496835C1703}.Release|x86.ActiveCfg = Release|Any CPU
		{07D876BE-190D-40CF-8633-0496835C1703}.Release|x86.Build.0 = Release|Any CPU
		{1B7ED9A2-A80F-4176-898E-8DAC131F40EF}.Debug|Any CPU.ActiveCfg = Debug|x86
		{1B7ED9A2-A80F-4176-898E-8DAC131F40EF}.Debug|ARM.ActiveCfg = Debug|ARM
		{1B7ED9A2-A80F-4176-898E-8DAC131F40EF}.Debug|ARM.Build.0 = Debug|ARM
		{1B7ED9A2-A80F-4176-898E-8DAC131F40EF}.Debug|ARM.Deploy.0 = Debug|ARM
		{1B7ED9A2-A80F-4176-898E-8DAC131F40EF}.Debug|ARM64.ActiveCfg = Debug|ARM64
		{1B7ED9A2-A80F-4176-898E-8DAC131F40EF}.Debug|ARM64.Build.0 = Debug|ARM64
		{1B7ED9A2-A80F-4176-898E-8DAC131F40EF}.Debug|ARM64.Deploy.0 = Debug|ARM64
		{1B7ED9A2-A80F-4176-898E-8DAC131F40EF}.Debug|x64.ActiveCfg = Debug|x64
		{1B7ED9A2-A80F-4176-898E-8DAC131F40EF}.Debug|x64.Build.0 = Debug|x64
		{1B7ED9A2-A80F-4176-898E-8DAC131F40EF}.Debug|x64.Deploy.0 = Debug|x64
		{1B7ED9A2-A80F-4176-898E-8DAC131F40EF}.Debug|x86.ActiveCfg = Debug|x86
		{1B7ED9A2-A80F-4176-898E-8DAC131F40EF}.Debug|x86.Build.0 = Debug|x86
		{1B7ED9A2-A80F-4176-898E-8DAC131F40EF}.Debug|x86.Deploy.0 = Debug|x86
		{1B7ED9A2-A80F-4176-898E-8DAC131F40EF}.Release|Any CPU.ActiveCfg = Release|x86
		{1B7ED9A2-A80F-4176-898E-8DAC131F40EF}.Release|ARM.ActiveCfg = Release|ARM
		{1B7ED9A2-A80F-4176-898E-8DAC131F40EF}.Release|ARM.Build.0 = Release|ARM
		{1B7ED9A2-A80F-4176-898E-8DAC131F40EF}.Release|ARM.Deploy.0 = Release|ARM
		{1B7ED9A2-A80F-4176-898E-8DAC131F40EF}.Release|ARM64.ActiveCfg = Release|ARM64
		{1B7ED9A2-A80F-4176-898E-8DAC131F40EF}.Release|ARM64.Build.0 = Release|ARM64
		{1B7ED9A2-A80F-4176-898E-8DAC131F40EF}.Release|ARM64.Deploy.0 = Release|ARM64
		{1B7ED9A2-A80F-4176-898E-8DAC131F40EF}.Release|x64.ActiveCfg = Release|x64
		{1B7ED9A2-A80F-4176-898E-8DAC131F40EF}.Release|x64.Build.0 = Release|x64
		{1B7ED9A2-A80F-4176-898E-8DAC131F40EF}.Release|x64.Deploy.0 = Release|x64
		{1B7ED9A2-A80F-4176-898E-8DAC131F40EF}.Release|x86.ActiveCfg = Release|x86
		{1B7ED9A2-A80F-4176-898E-8DAC131F40EF}.Release|x86.Build.0 = Release|x86
		{1B7ED9A2-A80F-4176-898E-8DAC131F40EF}.Release|x86.Deploy.0 = Release|x86
	EndGlobalSection
	GlobalSection(SolutionProperties) = preSolution
		HideSolutionNode = FALSE
	EndGlobalSection
	GlobalSection(ExtensibilityGlobals) = postSolution
		SolutionGuid = {FDE82D0A-9EE3-4F89-9523-A5A613CB1C62}
	EndGlobalSection
EndGlobal
